
Microsoft Visual Studio Solution File, Format Version 12.00
# Visual Studio Version 17
VisualStudioVersion = 17.1.32319.34
MinimumVisualStudioVersion = 10.0.40219.1
Project("{2150E333-8FDC-42A3-9474-1A3956D46DE8}") = "Service", "Service", "{09966316-48A1-4C3D-A9A1-11598601BF27}"
EndProject
Project("{FAE04EC0-301F-11D3-BF4B-00C04F79EFBC}") = "AuthorizationServer", "AuthorizationServer\AuthorizationServer.csproj", "{AD01B9BF-C933-483E-9C2A-7434A4BC2FE6}"
EndProject
Global
	GlobalSection(SolutionConfigurationPlatforms) = preSolution
		Debug|Any CPU = Debug|Any CPU
		Release|Any CPU = Release|Any CPU
	EndGlobalSection
	GlobalSection(ProjectConfigurationPlatforms) = postSolution
		{AD01B9BF-C933-483E-9C2A-7434A4BC2FE6}.Debug|Any CPU.ActiveCfg = Debug|Any CPU
		{AD01B9BF-C933-483E-9C2A-7434A4BC2FE6}.Debug|Any CPU.Build.0 = Debug|Any CPU
		{AD01B9BF-C933-483E-9C2A-7434A4BC2FE6}.Release|Any CPU.ActiveCfg = Release|Any CPU
		{AD01B9BF-C933-483E-9C2A-7434A4BC2FE6}.Release|Any CPU.Build.0 = Release|Any CPU
	EndGlobalSection
	GlobalSection(SolutionProperties) = preSolution
		HideSolutionNode = FALSE
	EndGlobalSection
	GlobalSection(NestedProjects) = preSolution
		{AD01B9BF-C933-483E-9C2A-7434A4BC2FE6} = {09966316-48A1-4C3D-A9A1-11598601BF27}
	EndGlobalSection
	GlobalSection(ExtensibilityGlobals) = postSolution
		SolutionGuid = {6E4AB85B-2739-42CB-B7EF-62135C690175}
	EndGlobalSection
EndGlobal
